
Microsoft Visual Studio Solution File, Format Version 12.00
# Visual Studio Version 16
VisualStudioVersion = 16.0.30523.141
MinimumVisualStudioVersion = 10.0.40219.1
Project("{FAE04EC0-301F-11D3-BF4B-00C04F79EFBC}") = "WinFormSimpleApplicationSample", "WinFormSimpleApplicationSample\WinFormSimpleApplicationSample.csproj", "{D20FD23C-7D12-41DB-A10C-1C91583A0A74}"
EndProject
Global
	GlobalSection(SolutionConfigurationPlatforms) = preSolution
		Debug|Any CPU = Debug|Any CPU
		Release|Any CPU = Release|Any CPU
	EndGlobalSection
	GlobalSection(ProjectConfigurationPlatforms) = postSolution
		{D20FD23C-7D12-41DB-A10C-1C91583A0A74}.Debug|Any CPU.ActiveCfg = Debug|Any CPU
		{D20FD23C-7D12-41DB-A10C-1C91583A0A74}.Debug|Any CPU.Build.0 = Debug|Any CPU
		{D20FD23C-7D12-41DB-A10C-1C91583A0A74}.Release|Any CPU.ActiveCfg = Release|Any CPU
		{D20FD23C-7D12-41DB-A10C-1C91583A0A74}.Release|Any CPU.Build.0 = Release|Any CPU
	EndGlobalSection
	GlobalSection(SolutionProperties) = preSolution
		HideSolutionNode = FALSE
	EndGlobalSection
	GlobalSection(ExtensibilityGlobals) = postSolution
		SolutionGuid = {DC9DA21D-8F41-4BD2-B8E7-DA94B2ECB630}
	EndGlobalSection
EndGlobal
